
Microsoft Visual Studio Solution File, Format Version 12.00
# Visual Studio Version 17
VisualStudioVersion = 17.8.34511.84
MinimumVisualStudioVersion = 10.0.40219.1
Project("{FAE04EC0-301F-11D3-BF4B-00C04F79EFBC}") = "atsdlab3", "atsdlab3.csproj", "{99641284-E6C4-424A-83EC-2D0585525B57}"
EndProject
Global
	GlobalSection(SolutionConfigurationPlatforms) = preSolution
		Debug|Any CPU = Debug|Any CPU
		Release|Any CPU = Release|Any CPU
	EndGlobalSection
	GlobalSection(ProjectConfigurationPlatforms) = postSolution
		{99641284-E6C4-424A-83EC-2D0585525B57}.Debug|Any CPU.ActiveCfg = Debug|Any CPU
		{99641284-E6C4-424A-83EC-2D0585525B57}.Debug|Any CPU.Build.0 = Debug|Any CPU
		{99641284-E6C4-424A-83EC-2D0585525B57}.Release|Any CPU.ActiveCfg = Release|Any CPU
		{99641284-E6C4-424A-83EC-2D0585525B57}.Release|Any CPU.Build.0 = Release|Any CPU
	EndGlobalSection
	GlobalSection(SolutionProperties) = preSolution
		HideSolutionNode = FALSE
	EndGlobalSection
	GlobalSection(ExtensibilityGlobals) = postSolution
		SolutionGuid = {F578A168-1DD4-4FA0-8129-95D1BF7BAC2A}
	EndGlobalSection
EndGlobal
