
Microsoft Visual Studio Solution File, Format Version 12.00
# Visual Studio Version 17
VisualStudioVersion = 17.8.34511.84
MinimumVisualStudioVersion = 10.0.40219.1
Project("{FAE04EC0-301F-11D3-BF4B-00C04F79EFBC}") = "asd2.2", "asd2.2.csproj", "{ADD021DF-95C6-4FBD-B101-5E8BCAA593BD}"
EndProject
Global
	GlobalSection(SolutionConfigurationPlatforms) = preSolution
		Debug|Any CPU = Debug|Any CPU
		Release|Any CPU = Release|Any CPU
	EndGlobalSection
	GlobalSection(ProjectConfigurationPlatforms) = postSolution
		{ADD021DF-95C6-4FBD-B101-5E8BCAA593BD}.Debug|Any CPU.ActiveCfg = Debug|Any CPU
		{ADD021DF-95C6-4FBD-B101-5E8BCAA593BD}.Debug|Any CPU.Build.0 = Debug|Any CPU
		{ADD021DF-95C6-4FBD-B101-5E8BCAA593BD}.Release|Any CPU.ActiveCfg = Release|Any CPU
		{ADD021DF-95C6-4FBD-B101-5E8BCAA593BD}.Release|Any CPU.Build.0 = Release|Any CPU
	EndGlobalSection
	GlobalSection(SolutionProperties) = preSolution
		HideSolutionNode = FALSE
	EndGlobalSection
	GlobalSection(ExtensibilityGlobals) = postSolution
		SolutionGuid = {B100925C-1494-47C8-A17A-6DC2754FCF22}
	EndGlobalSection
EndGlobal
